PODS:
  - FDFullscreenPopGesture (1.1)
  - LQGBaseModel (1.0.0):
    - YYModel
  - LQGBaseView/BaseController (1.0.0):
    - FDFullscreenPopGesture
    - LQGBaseView/Protocol
    - LQGCategory
    - LQGMacro
    - WebViewJavascriptBridge (~> 6.0.3)
  - LQGBaseView/BaseView (1.0.0):
    - LQGBaseView/Protocol
  - LQGBaseView/Protocol (1.0.0)
  - LQGCategory (1.0.0)
  - LQGMacro (1.0.0)
  - LQGNoTargetAction (1.0.0):
    - LQGBaseView/BaseController
    - LQGTip
  - LQGTip (1.0.0):
    - LQGBaseModel
    - LQGBaseView/BaseView
    - LQGCategory
    - LQGMacro
    - Masonry
  - Masonry (1.1.0)
  - WebViewJavascriptBridge (6.0.3)
  - YYModel (1.0.4)

DEPENDENCIES:
  - LQGNoTargetAction (from `../`)

SPEC REPOS:
  https://github.com/CocoaPods/Specs.git:
    - FDFullscreenPopGesture
    - LQGBaseModel
    - LQGBaseView
    - LQGCategory
    - LQGMacro
    - LQGTip
    - Masonry
    - WebViewJavascriptBridge
    - YYModel

EXTERNAL SOURCES:
  LQGNoTargetAction:
    :path: "../"

SPEC CHECKSUMS:
  FDFullscreenPopGesture: a8a620179e3d9c40e8e00256dcee1c1a27c6d0f0
  LQGBaseModel: e7da52a706eb046e3c45276596cc77cbe1ab1777
  LQGBaseView: 1bd9188e1671d7f0926a172df2a201f7749c8543
  LQGCategory: d06e3e77818efa42e810aeebc493f3cb122522aa
  LQGMacro: 83996fc0371fe853771123e3dc879908765bc44a
  LQGNoTargetAction: 1d30773b1ffad0f73cc27b96e8a9f3fb9235a5f0
  LQGTip: 5b52aa76aecdda394e5fbdcc27414c13230de610
  Masonry: 678fab65091a9290e40e2832a55e7ab731aad201
  WebViewJavascriptBridge: 7f5bc4d3581e672e8f32bd0f812d54bc69bb8e29
  YYModel: 2a7fdd96aaa4b86a824e26d0c517de8928c04b30

PODFILE CHECKSUM: 6576fd88000dd365551aacced93770a03f022476

COCOAPODS: 1.11.2
